{
  "name": "21-100-01",
  "lockfileVersion": 2,
  "requires": true,
  "packages": {
    "": {
      "dependencies": {
        "@syncfusion/ej2-react-calendars": "^19.4.42",
        "node-windows": "^1.0.0-beta.6",
        "react-day-picker": "^7.4.10"
      }
    },
    "node_modules/@syncfusion/ej2-base": {
      "version": "19.4.42",
      "resolved": "https://registry.npmjs.org/@syncfusion/ej2-base/-/ej2-base-19.4.42.tgz",
      "integrity": "sha512-SiYT0/w8Ijo4o2WqHWBRm+2v5IojA032NHC08Hh4KJr6qU9tFPJBZhNy+5bZlmEczECr7944eEt27MPhginWAQ==",
      "dependencies": {
        "@syncfusion/ej2-icons": "~19.4.38"
      }
    },
    "node_modules/@syncfusion/ej2-buttons": {
      "version": "19.4.42",
      "resolved": "https://registry.npmjs.org/@syncfusion/ej2-buttons/-/ej2-buttons-19.4.42.tgz",
      "integrity": "sha512-L8O69Zb+qZ1N/1AasGzhV96+mdrMFySWLuRgYdzgRo+2j0umBaXLVSSq+SxGQIioANs4XF8bD3LvyRf8n618PQ==",
      "dependencies": {
        "@syncfusion/ej2-base": "~19.4.42"
      }
    },
    "node_modules/@syncfusion/ej2-calendars": {
      "version": "19.4.42",
      "resolved": "https://registry.npmjs.org/@syncfusion/ej2-calendars/-/ej2-calendars-19.4.42.tgz",
      "integrity": "sha512-T8z4SEVmF+fwfsy4T69lr0LCuFYEtU4RKvmQS2S6e/Y+VYsG8tfYhDbo/TCSrS12jyrF8NtQpWN9LlzIjRWbQw==",
      "dependencies": {
        "@syncfusion/ej2-base": "~19.4.42",
        "@syncfusion/ej2-buttons": "~19.4.42",
        "@syncfusion/ej2-inputs": "~19.4.42",
        "@syncfusion/ej2-lists": "~19.4.38",
        "@syncfusion/ej2-popups": "~19.4.41"
      }
    },
    "node_modules/@syncfusion/ej2-data": {
      "version": "19.4.47",
      "resolved": "https://registry.npmjs.org/@syncfusion/ej2-data/-/ej2-data-19.4.47.tgz",
      "integrity": "sha512-xynOOC1+poikgCJc1VoM1ziHUDhiewG5y1RiJa/MrZfbpBTuRnEGO/5FTD66Hb2viGp7OR83M9YgbP5RTrrOTw==",
      "dependencies": {
        "@syncfusion/ej2-base": "~19.4.42"
      }
    },
    "node_modules/@syncfusion/ej2-icons": {
      "version": "19.4.38",
      "resolved": "https://registry.npmjs.org/@syncfusion/ej2-icons/-/ej2-icons-19.4.38.tgz",
      "integrity": "sha512-7Uy1A76BkDBANdJpgxBRExrcYcz5YULhck9sYKqX4upAhdCubvcQzQslW+bKt0TZra4GLvC+iMG0rRMDzZQuxA=="
    },
    "node_modules/@syncfusion/ej2-inputs": {
      "version": "19.4.47",
      "resolved": "https://registry.npmjs.org/@syncfusion/ej2-inputs/-/ej2-inputs-19.4.47.tgz",
      "integrity": "sha512-gI9aF5BGd19DwN3PheuAFD1aE8F0RKkrbpR3V0vYNnFq7Cp2ugy/2pyvcTRCRmyE0PshzZSaXbrXmPFtgBmJgQ==",
      "dependencies": {
        "@syncfusion/ej2-base": "~19.4.42",
        "@syncfusion/ej2-buttons": "~19.4.42",
        "@syncfusion/ej2-popups": "~19.4.47",
        "@syncfusion/ej2-splitbuttons": "~19.4.47"
      }
    },
    "node_modules/@syncfusion/ej2-lists": {
      "version": "19.4.38",
      "resolved": "https://registry.npmjs.org/@syncfusion/ej2-lists/-/ej2-lists-19.4.38.tgz",
      "integrity": "sha512-wxpIbfNKM37hgRpKIcEPnyiYcXZWvHLVCYg4K1QpkOFqhak6QGooLQVHpmNmChZPBYN4v3StvKB+i8SLVCMa+Q==",
      "dependencies": {
        "@syncfusion/ej2-base": "~19.4.38",
        "@syncfusion/ej2-buttons": "~19.4.38",
        "@syncfusion/ej2-data": "~19.4.38"
      }
    },
    "node_modules/@syncfusion/ej2-popups": {
      "version": "19.4.47",
      "resolved": "https://registry.npmjs.org/@syncfusion/ej2-popups/-/ej2-popups-19.4.47.tgz",
      "integrity": "sha512-vQxtX+CQeQh3zE0EDS/CMX8lMvTdhCA7vRtdn1COIPVW//U+RACmUMl62OjYkCjhJm1oaANovdlOV8vxkfi2qw==",
      "dependencies": {
        "@syncfusion/ej2-base": "~19.4.42",
        "@syncfusion/ej2-buttons": "~19.4.42"
      }
    },
    "node_modules/@syncfusion/ej2-react-base": {
      "version": "19.4.47",
      "resolved": "https://registry.npmjs.org/@syncfusion/ej2-react-base/-/ej2-react-base-19.4.47.tgz",
      "integrity": "sha512-0+XyFfviLLi+GDJ2ddcU6UtA7jxzYSOgKA4pxPhOvqK8hZjtAB1C0X2OHjWGMFFwHjerbkGJ0RWl60ikVJagzA==",
      "dependencies": {
        "@syncfusion/ej2-base": "~19.4.42"
      }
    },
    "node_modules/@syncfusion/ej2-react-calendars": {
      "version": "19.4.42",
      "resolved": "https://registry.npmjs.org/@syncfusion/ej2-react-calendars/-/ej2-react-calendars-19.4.42.tgz",
      "integrity": "sha512-XrPzSM6NQjekLtOOBxtpzhFEyjcQ1YDzB5fsBnBqEfDzRWPQxgvs9Ym8bQ5MGkWaILkAiRMirFuNkOjZz7cqaQ==",
      "dependencies": {
        "@syncfusion/ej2-base": "~19.4.42",
        "@syncfusion/ej2-calendars": "19.4.42",
        "@syncfusion/ej2-react-base": "~19.4.42"
      }
    },
    "node_modules/@syncfusion/ej2-splitbuttons": {
      "version": "19.4.47",
      "resolved": "https://registry.npmjs.org/@syncfusion/ej2-splitbuttons/-/ej2-splitbuttons-19.4.47.tgz",
      "integrity": "sha512-dOZ407cTI8GdnwRrgNqpaSlSus6MM0suFWoBvt4sn1fJgBtU08+0rRJ9U4QkjSHKCmwnMNWBc5klt9JP7lPGHA==",
      "dependencies": {
        "@syncfusion/ej2-base": "~19.4.42",
        "@syncfusion/ej2-popups": "~19.4.47"
      }
    },
    "node_modules/js-tokens": {
      "version": "4.0.0",
      "resolved": "https://registry.npmjs.org/js-tokens/-/js-tokens-4.0.0.tgz",
      "integrity": "sha512-RdJUflcE3cUzKiMqQgsCu06FPu9UdIJO0beYbPhHN4k6apgJtifcoCtT9bcxOpYBtpD2kCM6Sbzg4CausW/PKQ=="
    },
    "node_modules/loose-envify": {
      "version": "1.4.0",
      "resolved": "https://registry.npmjs.org/loose-envify/-/loose-envify-1.4.0.tgz",
      "integrity": "sha512-lyuxPGr/Wfhrlem2CL/UcnUc1zcqKAImBDzukY7Y5F/yQiNdko6+fRLevlw1HgMySw7f611UIY408EtxRSoK3Q==",
      "dependencies": {
        "js-tokens": "^3.0.0 || ^4.0.0"
      },
      "bin": {
        "loose-envify": "cli.js"
      }
    },
    "node_modules/minimist": {
      "version": "0.0.10",
      "resolved": "https://registry.npmjs.org/minimist/-/minimist-0.0.10.tgz",
      "integrity": "sha1-3j+YVD2/lggr5IrRoMfNqDYwHc8="
    },
    "node_modules/node-windows": {
      "version": "1.0.0-beta.6",
      "resolved": "https://registry.npmjs.org/node-windows/-/node-windows-1.0.0-beta.6.tgz",
      "integrity": "sha512-Ehig70tF9A9Wns4VMpnsvT7dyat/d2fio6C4g1RAEaAi+piAjN6Wc+/fdSOifl8YCCncVllijv5Q9wdyHvdgeA==",
      "dependencies": {
        "optimist": "~0.6.0",
        "xml": "0.0.12"
      }
    },
    "node_modules/object-assign": {
      "version": "4.1.1",
      "resolved": "https://registry.npmjs.org/object-assign/-/object-assign-4.1.1.tgz",
      "integrity": "sha1-IQmtx5ZYh8/AXLvUQsrIv7s2CGM=",
      "engines": {
        "node": ">=0.10.0"
      }
    },
    "node_modules/optimist": {
      "version": "0.6.1",
      "resolved": "https://registry.npmjs.org/optimist/-/optimist-0.6.1.tgz",
      "integrity": "sha1-2j6nRob6IaGaERwybpDrFaAZZoY=",
      "dependencies": {
        "minimist": "~0.0.1",
        "wordwrap": "~0.0.2"
      }
    },
    "node_modules/prop-types": {
      "version": "15.8.1",
      "resolved": "https://registry.npmjs.org/prop-types/-/prop-types-15.8.1.tgz",
      "integrity": "sha512-oj87CgZICdulUohogVAR7AjlC0327U4el4L6eAvOqCeudMDVU0NThNaV+b9Df4dXgSP1gXMTnPdhfe/2qDH5cg==",
      "dependencies": {
        "loose-envify": "^1.4.0",
        "object-assign": "^4.1.1",
        "react-is": "^16.13.1"
      }
    },
    "node_modules/react": {
      "version": "17.0.2",
      "resolved": "https://registry.npmjs.org/react/-/react-17.0.2.tgz",
      "integrity": "sha512-gnhPt75i/dq/z3/6q/0asP78D0u592D5L1pd7M8P+dck6Fu/jJeL6iVVK23fptSUZj8Vjf++7wXA8UNclGQcbA==",
      "peer": true,
      "dependencies": {
        "loose-envify": "^1.1.0",
        "object-assign": "^4.1.1"
      },
      "engines": {
        "node": ">=0.10.0"
      }
    },
    "node_modules/react-day-picker": {
      "version": "7.4.10",
      "resolved": "https://registry.npmjs.org/react-day-picker/-/react-day-picker-7.4.10.tgz",
      "integrity": "sha512-/QkK75qLKdyLmv0kcVzhL7HoJPazoZXS8a6HixbVoK6vWey1Od1WRLcxfyEiUsRfccAlIlf6oKHShqY2SM82rA==",
      "dependencies": {
        "prop-types": "^15.6.2"
      },
      "peerDependencies": {
        "react": "~0.13.x || ~0.14.x || ^15.0.0 || ^16.0.0 || ^17.0.0"
      }
    },
    "node_modules/react-is": {
      "version": "16.13.1",
      "resolved": "https://registry.npmjs.org/react-is/-/react-is-16.13.1.tgz",
      "integrity": "sha512-24e6ynE2H+OKt4kqsOvNd8kBpV65zoxbA4BVsEOB3ARVWQki/DHzaUoC5KuON/BiccDaCCTZBuOcfZs70kR8bQ=="
    },
    "node_modules/wordwrap": {
      "version": "0.0.3",
      "resolved": "https://registry.npmjs.org/wordwrap/-/wordwrap-0.0.3.tgz",
      "integrity": "sha1-o9XabNXAvAAI03I0u68b7WMFkQc=",
      "engines": {
        "node": ">=0.4.0"
      }
    },
    "node_modules/xml": {
      "version": "0.0.12",
      "resolved": "https://registry.npmjs.org/xml/-/xml-0.0.12.tgz",
      "integrity": "sha1-8Is0cQmRK+AChXhfRvFa2OUKX2c=",
      "engines": {
        "node": ">=0.4.0"
      }
    }
  },
  "dependencies": {
    "@syncfusion/ej2-base": {
      "version": "19.4.42",
      "resolved": "https://registry.npmjs.org/@syncfusion/ej2-base/-/ej2-base-19.4.42.tgz",
      "integrity": "sha512-SiYT0/w8Ijo4o2WqHWBRm+2v5IojA032NHC08Hh4KJr6qU9tFPJBZhNy+5bZlmEczECr7944eEt27MPhginWAQ==",
      "requires": {
        "@syncfusion/ej2-icons": "~19.4.38"
      }
    },
    "@syncfusion/ej2-buttons": {
      "version": "19.4.42",
      "resolved": "https://registry.npmjs.org/@syncfusion/ej2-buttons/-/ej2-buttons-19.4.42.tgz",
      "integrity": "sha512-L8O69Zb+qZ1N/1AasGzhV96+mdrMFySWLuRgYdzgRo+2j0umBaXLVSSq+SxGQIioANs4XF8bD3LvyRf8n618PQ==",
      "requires": {
        "@syncfusion/ej2-base": "~19.4.42"
      }
    },
    "@syncfusion/ej2-calendars": {
      "version": "19.4.42",
      "resolved": "https://registry.npmjs.org/@syncfusion/ej2-calendars/-/ej2-calendars-19.4.42.tgz",
      "integrity": "sha512-T8z4SEVmF+fwfsy4T69lr0LCuFYEtU4RKvmQS2S6e/Y+VYsG8tfYhDbo/TCSrS12jyrF8NtQpWN9LlzIjRWbQw==",
      "requires": {
        "@syncfusion/ej2-base": "~19.4.42",
        "@syncfusion/ej2-buttons": "~19.4.42",
        "@syncfusion/ej2-inputs": "~19.4.42",
        "@syncfusion/ej2-lists": "~19.4.38",
        "@syncfusion/ej2-popups": "~19.4.41"
      }
    },
    "@syncfusion/ej2-data": {
      "version": "19.4.47",
      "resolved": "https://registry.npmjs.org/@syncfusion/ej2-data/-/ej2-data-19.4.47.tgz",
      "integrity": "sha512-xynOOC1+poikgCJc1VoM1ziHUDhiewG5y1RiJa/MrZfbpBTuRnEGO/5FTD66Hb2viGp7OR83M9YgbP5RTrrOTw==",
      "requires": {
        "@syncfusion/ej2-base": "~19.4.42"
      }
    },
    "@syncfusion/ej2-icons": {
      "version": "19.4.38",
      "resolved": "https://registry.npmjs.org/@syncfusion/ej2-icons/-/ej2-icons-19.4.38.tgz",
      "integrity": "sha512-7Uy1A76BkDBANdJpgxBRExrcYcz5YULhck9sYKqX4upAhdCubvcQzQslW+bKt0TZra4GLvC+iMG0rRMDzZQuxA=="
    },
    "@syncfusion/ej2-inputs": {
      "version": "19.4.47",
      "resolved": "https://registry.npmjs.org/@syncfusion/ej2-inputs/-/ej2-inputs-19.4.47.tgz",
      "integrity": "sha512-gI9aF5BGd19DwN3PheuAFD1aE8F0RKkrbpR3V0vYNnFq7Cp2ugy/2pyvcTRCRmyE0PshzZSaXbrXmPFtgBmJgQ==",
      "requires": {
        "@syncfusion/ej2-base": "~19.4.42",
        "@syncfusion/ej2-buttons": "~19.4.42",
        "@syncfusion/ej2-popups": "~19.4.47",
        "@syncfusion/ej2-splitbuttons": "~19.4.47"
      }
    },
    "@syncfusion/ej2-lists": {
      "version": "19.4.38",
      "resolved": "https://registry.npmjs.org/@syncfusion/ej2-lists/-/ej2-lists-19.4.38.tgz",
      "integrity": "sha512-wxpIbfNKM37hgRpKIcEPnyiYcXZWvHLVCYg4K1QpkOFqhak6QGooLQVHpmNmChZPBYN4v3StvKB+i8SLVCMa+Q==",
      "requires": {
        "@syncfusion/ej2-base": "~19.4.38",
        "@syncfusion/ej2-buttons": "~19.4.38",
        "@syncfusion/ej2-data": "~19.4.38"
      }
    },
    "@syncfusion/ej2-popups": {
      "version": "19.4.47",
      "resolved": "https://registry.npmjs.org/@syncfusion/ej2-popups/-/ej2-popups-19.4.47.tgz",
      "integrity": "sha512-vQxtX+CQeQh3zE0EDS/CMX8lMvTdhCA7vRtdn1COIPVW//U+RACmUMl62OjYkCjhJm1oaANovdlOV8vxkfi2qw==",
      "requires": {
        "@syncfusion/ej2-base": "~19.4.42",
        "@syncfusion/ej2-buttons": "~19.4.42"
      }
    },
    "@syncfusion/ej2-react-base": {
      "version": "19.4.47",
      "resolved": "https://registry.npmjs.org/@syncfusion/ej2-react-base/-/ej2-react-base-19.4.47.tgz",
      "integrity": "sha512-0+XyFfviLLi+GDJ2ddcU6UtA7jxzYSOgKA4pxPhOvqK8hZjtAB1C0X2OHjWGMFFwHjerbkGJ0RWl60ikVJagzA==",
      "requires": {
        "@syncfusion/ej2-base": "~19.4.42"
      }
    },
    "@syncfusion/ej2-react-calendars": {
      "version": "19.4.42",
      "resolved": "https://registry.npmjs.org/@syncfusion/ej2-react-calendars/-/ej2-react-calendars-19.4.42.tgz",
      "integrity": "sha512-XrPzSM6NQjekLtOOBxtpzhFEyjcQ1YDzB5fsBnBqEfDzRWPQxgvs9Ym8bQ5MGkWaILkAiRMirFuNkOjZz7cqaQ==",
      "requires": {
        "@syncfusion/ej2-base": "~19.4.42",
        "@syncfusion/ej2-calendars": "19.4.42",
        "@syncfusion/ej2-react-base": "~19.4.42"
      }
    },
    "@syncfusion/ej2-splitbuttons": {
      "version": "19.4.47",
      "resolved": "https://registry.npmjs.org/@syncfusion/ej2-splitbuttons/-/ej2-splitbuttons-19.4.47.tgz",
      "integrity": "sha512-dOZ407cTI8GdnwRrgNqpaSlSus6MM0suFWoBvt4sn1fJgBtU08+0rRJ9U4QkjSHKCmwnMNWBc5klt9JP7lPGHA==",
      "requires": {
        "@syncfusion/ej2-base": "~19.4.42",
        "@syncfusion/ej2-popups": "~19.4.47"
      }
    },
    "js-tokens": {
      "version": "4.0.0",
      "resolved": "https://registry.npmjs.org/js-tokens/-/js-tokens-4.0.0.tgz",
      "integrity": "sha512-RdJUflcE3cUzKiMqQgsCu06FPu9UdIJO0beYbPhHN4k6apgJtifcoCtT9bcxOpYBtpD2kCM6Sbzg4CausW/PKQ=="
    },
    "loose-envify": {
      "version": "1.4.0",
      "resolved": "https://registry.npmjs.org/loose-envify/-/loose-envify-1.4.0.tgz",
      "integrity": "sha512-lyuxPGr/Wfhrlem2CL/UcnUc1zcqKAImBDzukY7Y5F/yQiNdko6+fRLevlw1HgMySw7f611UIY408EtxRSoK3Q==",
      "requires": {
        "js-tokens": "^3.0.0 || ^4.0.0"
      }
    },
    "minimist": {
      "version": "0.0.10",
      "resolved": "https://registry.npmjs.org/minimist/-/minimist-0.0.10.tgz",
      "integrity": "sha1-3j+YVD2/lggr5IrRoMfNqDYwHc8="
    },
    "node-windows": {
      "version": "1.0.0-beta.6",
      "resolved": "https://registry.npmjs.org/node-windows/-/node-windows-1.0.0-beta.6.tgz",
      "integrity": "sha512-Ehig70tF9A9Wns4VMpnsvT7dyat/d2fio6C4g1RAEaAi+piAjN6Wc+/fdSOifl8YCCncVllijv5Q9wdyHvdgeA==",
      "requires": {
        "optimist": "~0.6.0",
        "xml": "0.0.12"
      }
    },
    "object-assign": {
      "version": "4.1.1",
      "resolved": "https://registry.npmjs.org/object-assign/-/object-assign-4.1.1.tgz",
      "integrity": "sha1-IQmtx5ZYh8/AXLvUQsrIv7s2CGM="
    },
    "optimist": {
      "version": "0.6.1",
      "resolved": "https://registry.npmjs.org/optimist/-/optimist-0.6.1.tgz",
      "integrity": "sha1-2j6nRob6IaGaERwybpDrFaAZZoY=",
      "requires": {
        "minimist": "~0.0.1",
        "wordwrap": "~0.0.2"
      }
    },
    "prop-types": {
      "version": "15.8.1",
      "resolved": "https://registry.npmjs.org/prop-types/-/prop-types-15.8.1.tgz",
      "integrity": "sha512-oj87CgZICdulUohogVAR7AjlC0327U4el4L6eAvOqCeudMDVU0NThNaV+b9Df4dXgSP1gXMTnPdhfe/2qDH5cg==",
      "requires": {
        "loose-envify": "^1.4.0",
        "object-assign": "^4.1.1",
        "react-is": "^16.13.1"
      }
    },
    "react": {
      "version": "17.0.2",
      "resolved": "https://registry.npmjs.org/react/-/react-17.0.2.tgz",
      "integrity": "sha512-gnhPt75i/dq/z3/6q/0asP78D0u592D5L1pd7M8P+dck6Fu/jJeL6iVVK23fptSUZj8Vjf++7wXA8UNclGQcbA==",
      "peer": true,
      "requires": {
        "loose-envify": "^1.1.0",
        "object-assign": "^4.1.1"
      }
    },
    "react-day-picker": {
      "version": "7.4.10",
      "resolved": "https://registry.npmjs.org/react-day-picker/-/react-day-picker-7.4.10.tgz",
      "integrity": "sha512-/QkK75qLKdyLmv0kcVzhL7HoJPazoZXS8a6HixbVoK6vWey1Od1WRLcxfyEiUsRfccAlIlf6oKHShqY2SM82rA==",
      "requires": {
        "prop-types": "^15.6.2"
      }
    },
    "react-is": {
      "version": "16.13.1",
      "resolved": "https://registry.npmjs.org/react-is/-/react-is-16.13.1.tgz",
      "integrity": "sha512-24e6ynE2H+OKt4kqsOvNd8kBpV65zoxbA4BVsEOB3ARVWQki/DHzaUoC5KuON/BiccDaCCTZBuOcfZs70kR8bQ=="
    },
    "wordwrap": {
      "version": "0.0.3",
      "resolved": "https://registry.npmjs.org/wordwrap/-/wordwrap-0.0.3.tgz",
      "integrity": "sha1-o9XabNXAvAAI03I0u68b7WMFkQc="
    },
    "xml": {
      "version": "0.0.12",
      "resolved": "https://registry.npmjs.org/xml/-/xml-0.0.12.tgz",
      "integrity": "sha1-8Is0cQmRK+AChXhfRvFa2OUKX2c="
    }
  }
}
